github.com/difof/goul v0.2.7 h1:O8+Tc1hyeAhUiH4tI6zNg/N46jSkFXksVdsxx/jG4jw=
github.com/difof/goul v0.2.7/go.mod h1:BXsUAL7dAlRYmUIvtPqvsmuu+VfE60A8Vwy21RXrm54=
github.com/tetratelabs/wazero v1.5.0 h1:Yz3fZHivfDiZFUXnWMPUoiW7s8tC1sjdBtlJn08qYa0=
github.com/tetratelabs/wazero v1.5.0/go.mod h1:0U0G41+ochRKoPKCJlh0jMg1CHkyfK8kDqiirMmKY8A=
